{
  "originHash" : "1f104af8aaafa98b05b11f711b9594172728af710d1028acfba3bf50969b611f",
  "pins" : [
    {
      "identity" : "anycodable",
      "kind" : "remoteSourceControl",
      "location" : "https://github.com/Flight-School/AnyCodable",
      "state" : {
        "revision" : "862808b2070cd908cb04f9aafe7de83d35f81b05",
        "version" : "0.6.7"
      }
    }
  ],
  "version" : 3
}
